
Microsoft Visual Studio Solution File, Format Version 12.00
# Visual Studio Version 16
VisualStudioVersion = 16.0.30907.101
MinimumVisualStudioVersion = 10.0.40219.1
Project("{FAE04EC0-301F-11D3-BF4B-00C04F79EFBC}") = "Wisej.jSequence", "Wisej.jSequence\Wisej.jSequence.csproj", "{A0535FCF-6086-47D3-BEA1-A51EAF35FD00}"
EndProject
Global
	GlobalSection(SolutionConfigurationPlatforms) = preSolution
		Debug|Any CPU = Debug|Any CPU
		Release|Any CPU = Release|Any CPU
	EndGlobalSection
	GlobalSection(ProjectConfigurationPlatforms) = postSolution
		{A0535FCF-6086-47D3-BEA1-A51EAF35FD00}.Debug|Any CPU.ActiveCfg = Debug|Any CPU
		{A0535FCF-6086-47D3-BEA1-A51EAF35FD00}.Debug|Any CPU.Build.0 = Debug|Any CPU
		{A0535FCF-6086-47D3-BEA1-A51EAF35FD00}.Release|Any CPU.ActiveCfg = Release|Any CPU
		{A0535FCF-6086-47D3-BEA1-A51EAF35FD00}.Release|Any CPU.Build.0 = Release|Any CPU
	EndGlobalSection
	GlobalSection(SolutionProperties) = preSolution
		HideSolutionNode = FALSE
	EndGlobalSection
	GlobalSection(ExtensibilityGlobals) = postSolution
		SolutionGuid = {DCF8EC3B-CFC1-4D1F-B9A7-5C70FD341471}
	EndGlobalSection
EndGlobal
