
Microsoft Visual Studio Solution File, Format Version 12.00
# Visual Studio Version 16
VisualStudioVersion = 16.0.29709.97
MinimumVisualStudioVersion = 10.0.40219.1
Project("{FAE04EC0-301F-11D3-BF4B-00C04F79EFBC}") = "Wisej.Mobile.Portal", "Wisej.Mobile.Portal\Wisej.Mobile.Portal.csproj", "{8CA70B70-6591-41C8-BC79-4F1CC2CDE4F3}"
EndProject
Global
	GlobalSection(SolutionConfigurationPlatforms) = preSolution
		Debug|Any CPU = Debug|Any CPU
		Release|Any CPU = Release|Any CPU
	EndGlobalSection
	GlobalSection(ProjectConfigurationPlatforms) = postSolution
		{8CA70B70-6591-41C8-BC79-4F1CC2CDE4F3}.Debug|Any CPU.ActiveCfg = Debug|Any CPU
		{8CA70B70-6591-41C8-BC79-4F1CC2CDE4F3}.Debug|Any CPU.Build.0 = Debug|Any CPU
		{8CA70B70-6591-41C8-BC79-4F1CC2CDE4F3}.Release|Any CPU.ActiveCfg = Release|Any CPU
		{8CA70B70-6591-41C8-BC79-4F1CC2CDE4F3}.Release|Any CPU.Build.0 = Release|Any CPU
	EndGlobalSection
	GlobalSection(SolutionProperties) = preSolution
		HideSolutionNode = FALSE
	EndGlobalSection
	GlobalSection(ExtensibilityGlobals) = postSolution
		SolutionGuid = {7C134B17-4EF7-44CB-A5DD-6EEC6A147425}
	EndGlobalSection
EndGlobal
