
Microsoft Visual Studio Solution File, Format Version 12.00
# Visual Studio Version 16
VisualStudioVersion = 16.0.30804.86
MinimumVisualStudioVersion = 10.0.40219.1
Project("{FAE04EC0-301F-11D3-BF4B-00C04F79EFBC}") = "Report", "Report\Report.csproj", "{A7AFBB22-BB6F-4A74-8552-1071581DEFDD}"
EndProject
Global
	GlobalSection(SolutionConfigurationPlatforms) = preSolution
		Debug|Any CPU = Debug|Any CPU
		Release|Any CPU = Release|Any CPU
	EndGlobalSection
	GlobalSection(ProjectConfigurationPlatforms) = postSolution
		{A7AFBB22-BB6F-4A74-8552-1071581DEFDD}.Debug|Any CPU.ActiveCfg = Debug|Any CPU
		{A7AFBB22-BB6F-4A74-8552-1071581DEFDD}.Debug|Any CPU.Build.0 = Debug|Any CPU
		{A7AFBB22-BB6F-4A74-8552-1071581DEFDD}.Release|Any CPU.ActiveCfg = Release|Any CPU
		{A7AFBB22-BB6F-4A74-8552-1071581DEFDD}.Release|Any CPU.Build.0 = Release|Any CPU
	EndGlobalSection
	GlobalSection(SolutionProperties) = preSolution
		HideSolutionNode = FALSE
	EndGlobalSection
	GlobalSection(ExtensibilityGlobals) = postSolution
		SolutionGuid = {6067E51F-FB6F-4988-ABEF-B27B5731C884}
	EndGlobalSection
EndGlobal
