
Microsoft Visual Studio Solution File, Format Version 12.00
# Visual Studio 14
VisualStudioVersion = 14.0.25420.1
MinimumVisualStudioVersion = 10.0.40219.1
Project("{FAE04EC0-301F-11D3-BF4B-00C04F79EFBC}") = "BackgroundTasks", "BackgroundTasks\BackgroundTasks\BackgroundTasks.csproj", "{DB9C1348-8737-4AF2-AD5E-9C7BFBA5B067}"
EndProject
Project("{FAE04EC0-301F-11D3-BF4B-00C04F79EFBC}") = "Wisej.Buttons", "Buttons\Wisej.Buttons\Wisej.Buttons.csproj", "{71ACE394-BC7A-4B26-AA46-F34D07C25F5F}"
EndProject
Project("{FAE04EC0-301F-11D3-BF4B-00C04F79EFBC}") = "ChartJS", "ChartJS\ChartJS\ChartJS.csproj", "{683324F0-4D77-410B-A749-960E234D7D27}"
EndProject
Project("{FAE04EC0-301F-11D3-BF4B-00C04F79EFBC}") = "Wisej.CodeProject", "CodeProject\Wisej.CodeProject\Wisej.CodeProject.csproj", "{BA22EE1E-C853-40B1-A5C1-ED2B10300AC8}"
EndProject
Project("{FAE04EC0-301F-11D3-BF4B-00C04F79EFBC}") = "Wisej.ColumnFilterSample", "ColumnFilter\Wisej.ColumnFilterSample\Wisej.ColumnFilterSample.csproj", "{034A24CC-6933-4B3B-A6ED-5D5603CCA306}"
EndProject
Project("{FAE04EC0-301F-11D3-BF4B-00C04F79EFBC}") = "CustomPainting", "CustomPainting\CustomPainting\CustomPainting.csproj", "{5FED827D-2C59-4583-B7AC-07A443B15259}"
EndProject
Project("{FAE04EC0-301F-11D3-BF4B-00C04F79EFBC}") = "DataBinding", "DataBinding\DataBinding\DataBinding.csproj", "{6437F003-99FF-4ECF-918B-BB69ECC539F7}"
EndProject
Project("{FAE04EC0-301F-11D3-BF4B-00C04F79EFBC}") = "DeepLinking", "DeepLinking\DeepLinking\DeepLinking.csproj", "{83221209-7F38-48CC-9792-FDB9A4D70856}"
EndProject
Project("{FAE04EC0-301F-11D3-BF4B-00C04F79EFBC}") = "Wisej.Download", "Download\Wisej.Download\Wisej.Download.csproj", "{7B565491-18E9-4B90-9968-6CE74A8C8B04}"
EndProject
Project("{FAE04EC0-301F-11D3-BF4B-00C04F79EFBC}") = "EditorsChoice", "EditorsChoice\EditorsChoice\EditorsChoice.csproj", "{ACE23D8C-C073-45B3-85A3-1F0F659B067D}"
EndProject
Project("{FAE04EC0-301F-11D3-BF4B-00C04F79EFBC}") = "Wisej.FullCalendar", "FullCalendar\Wisej.FullCalendar\Wisej.FullCalendar.csproj", "{26B034AD-D0DC-4FF3-9A9A-CD4C70C380A9}"
EndProject
Project("{FAE04EC0-301F-11D3-BF4B-00C04F79EFBC}") = "Wisej.GoogleMaps", "GoogleMaps\Wisej.GoogleMaps\Wisej.GoogleMaps.csproj", "{515B38B4-606C-4496-8EF0-43C72A53BD54}"
EndProject
Project("{FAE04EC0-301F-11D3-BF4B-00C04F79EFBC}") = "KeyboardHandling", "KeyboardHandling\KeyboardHandling\KeyboardHandling.csproj", "{BA40F6AB-0E3C-4FD9-B83D-722DB6887EA1}"
EndProject
Project("{FAE04EC0-301F-11D3-BF4B-00C04F79EFBC}") = "Localization", "Localization\Localization\Localization.csproj", "{A860F619-AA96-4993-9AC6-B9517B260912}"
EndProject
Project("{FAE04EC0-301F-11D3-BF4B-00C04F79EFBC}") = "ModalWorkflow", "ModalWorkflow\ModalWorkflow\ModalWorkflow.csproj", "{9FE446EE-C826-4892-B679-6CFDFE2975A6}"
EndProject
Project("{FAE04EC0-301F-11D3-BF4B-00C04F79EFBC}") = "PageNavigation", "PageNavigation\PageNavigation\PageNavigation.csproj", "{6524E4DE-0FCC-4A73-9836-D56EE3607346}"
EndProject
Project("{2150E333-8FDC-42A3-9474-1A3956D46DE8}") = "Applications", "Applications", "{4ACC66BC-2C89-4BD2-9931-DEAD4F3FC683}"
EndProject
Project("{2150E333-8FDC-42A3-9474-1A3956D46DE8}") = "How To", "How To", "{9B500B11-C16E-4212-8F17-C06DCD65215B}"
EndProject
Project("{2150E333-8FDC-42A3-9474-1A3956D46DE8}") = "Controls", "Controls", "{76363DE0-8076-4107-B00B-8740A839809B}"
EndProject
Project("{2150E333-8FDC-42A3-9474-1A3956D46DE8}") = "Extensions", "Extensions", "{FCE27C5B-D54E-424A-BE68-B60FEDE35C1F}"
EndProject
Project("{FAE04EC0-301F-11D3-BF4B-00C04F79EFBC}") = "Wisej.Pannellum", "PannellumExample\Wisej.Pannellum\Wisej.Pannellum.csproj", "{6B5D9951-FE88-490D-A627-78971A147AA7}"
EndProject
Project("{FAE04EC0-301F-11D3-BF4B-00C04F79EFBC}") = "Wisej.PolymerExample", "PolymerExample\Wisej.PolymerExample\Wisej.PolymerExample.csproj", "{557D2BB9-0AA1-4F39-8919-33EBCA0E1914}"
EndProject
Project("{FAE04EC0-301F-11D3-BF4B-00C04F79EFBC}") = "Wisej.Responsive", "Responsive\Wisej.Responsive\Wisej.Responsive.csproj", "{8ECAE784-CD02-4F37-BF70-C245A0616F22}"
EndProject
Project("{FAE04EC0-301F-11D3-BF4B-00C04F79EFBC}") = "Wisej.RibbonBar", "RibbonBar\Wisej.RibbonBar\Wisej.RibbonBar.csproj", "{DAB056B1-FA96-4A4E-9AAF-E4A69B86A226}"
EndProject
Project("{FAE04EC0-301F-11D3-BF4B-00C04F79EFBC}") = "Wisej.SimpleChat", "SimpleChat\Wisej.SimpleChat\Wisej.SimpleChat.csproj", "{C1A33E5B-E713-4D12-B91E-64BD16D1A937}"
EndProject
Project("{FAE04EC0-301F-11D3-BF4B-00C04F79EFBC}") = "Wisej.SlideBar", "SlideBar\Wisej.SlideBar\Wisej.SlideBar.csproj", "{A571DC72-08E3-4B25-9F4C-EF79C5CCC567}"
EndProject
Project("{FAE04EC0-301F-11D3-BF4B-00C04F79EFBC}") = "SmoothieChartSample", "SmoothieChartSample\SmoothieChartSample\SmoothieChartSample.csproj", "{BA6BD558-EEC6-4C45-93D1-5CC1D452C3E3}"
EndProject
Project("{FAE04EC0-301F-11D3-BF4B-00C04F79EFBC}") = "TourPanelSample", "TourPanelSample\TourPanelSample\TourPanelSample.csproj", "{4EFB547C-1109-488B-BA1D-C959E1E57DD6}"
EndProject
Project("{FAE04EC0-301F-11D3-BF4B-00C04F79EFBC}") = "DesktopApplication", "UIContainers\DesktopApplication\DesktopApplication.csproj", "{4A379C47-B3FA-4A94-B3F6-85E12FED8038}"
EndProject
Project("{FAE04EC0-301F-11D3-BF4B-00C04F79EFBC}") = "FormApplication", "UIContainers\FormApplication\FormApplication.csproj", "{DF9700BB-2C45-4796-B20F-F64ACEB25DBE}"
EndProject
Project("{FAE04EC0-301F-11D3-BF4B-00C04F79EFBC}") = "PageApplication", "UIContainers\PageApplication\PageApplication.csproj", "{98EE9612-08D0-4A00-B18C-60A96659CBBB}"
EndProject
Project("{2150E333-8FDC-42A3-9474-1A3956D46DE8}") = "UI Containers", "UI Containers", "{AE6E41B6-45CD-4C0E-8B8C-29E3F2E56E60}"
EndProject
Project("{FAE04EC0-301F-11D3-BF4B-00C04F79EFBC}") = "SharedControl", "UIContainers\SharedControl\SharedControl.csproj", "{63B9B87B-1474-4EEB-A3E9-CE32983F9582}"
EndProject
Project("{FAE04EC0-301F-11D3-BF4B-00C04F79EFBC}") = "UploadFiles", "UploadFiles\UploadFiles\UploadFiles.csproj", "{EE82B585-CD5B-4561-B480-A505E5BE3090}"
EndProject
Project("{FAE04EC0-301F-11D3-BF4B-00C04F79EFBC}") = "UserControl", "UserControl\UserControl\UserControl.csproj", "{7BF59DE2-4107-45BA-9E58-9289D0B644FA}"
EndProject
Project("{FAE04EC0-301F-11D3-BF4B-00C04F79EFBC}") = "UserDesktop", "UserDesktop\UserDesktop\UserDesktop.csproj", "{ABEEB6EB-B935-48E3-8BE5-2FDF540C03EF}"
EndProject
Project("{FAE04EC0-301F-11D3-BF4B-00C04F79EFBC}") = "Wisej.DGVUserPaint", "UserPaintCells\Wisej.DGVUserPaint\Wisej.DGVUserPaint.csproj", "{5D8E7B96-8F70-4B99-B509-7605C3E1B501}"
EndProject
Project("{FAE04EC0-301F-11D3-BF4B-00C04F79EFBC}") = "MDIExample", "MDIExample\MDIExample\MDIExample.csproj", "{75D68DF4-35F9-4978-9225-321404A2E31E}"
EndProject
Project("{2150E333-8FDC-42A3-9474-1A3956D46DE8}") = "Multiple HTML", "Multiple HTML", "{DBCB0D98-5009-4DD9-AA39-4F31D40D3555}"
EndProject
Project("{FAE04EC0-301F-11D3-BF4B-00C04F79EFBC}") = "ChangedNames", "HtmlJsonAndMain\ChangedNames\ChangedNames.csproj", "{19DE8B28-1EEB-4D51-A72B-81D21EC86A63}"
EndProject
Project("{FAE04EC0-301F-11D3-BF4B-00C04F79EFBC}") = "MultiHtml", "HtmlJsonAndMain\MultiHtml\MultiHtml.csproj", "{1486FFFC-A019-45C6-84E2-FB0275CED827}"
EndProject
Project("{FAE04EC0-301F-11D3-BF4B-00C04F79EFBC}") = "ReadOnlyMixin", "ReadOnlyMixin\ReadOnlyMixin\ReadOnlyMixin.csproj", "{0802212D-E5B9-4C04-9627-7C24819E0B1F}"
EndProject
Project("{FAE04EC0-301F-11D3-BF4B-00C04F79EFBC}") = "TreeGrid", "TreeGrid\TreeGrid\TreeGrid.csproj", "{8161F088-79CB-4D18-B8D7-07EDBA3015E6}"
EndProject
Project("{FAE04EC0-301F-11D3-BF4B-00C04F79EFBC}") = "RuntimeLocalization", "RuntimeLocalization\RuntimeLocalization\RuntimeLocalization.csproj", "{5CFE242A-0DAB-4E46-B07F-31ABE4F9E3C1}"
EndProject
Project("{FAE04EC0-301F-11D3-BF4B-00C04F79EFBC}") = "DGVEmbeddedNavigator", "DGVEmbeddedNavigator\DGVEmbeddedNavigator\DGVEmbeddedNavigator.csproj", "{3605B2AA-D230-4E34-A725-3C4F8660DF25}"
EndProject
Project("{FAE04EC0-301F-11D3-BF4B-00C04F79EFBC}") = "ComponentMixin", "ComponentMixin\ComponentMixin\ComponentMixin.csproj", "{42848D1E-A85E-4457-A35B-3879B292731F}"
EndProject
Project("{FAE04EC0-301F-11D3-BF4B-00C04F79EFBC}") = "AspNetAuthentication", "AspNetAuthentication\AspNetAuthentication\AspNetAuthentication.csproj", "{BC6BB478-F457-48E4-8B8D-12BA5ABC0E28}"
EndProject
Global
	GlobalSection(SolutionConfigurationPlatforms) = preSolution
		Debug|Any CPU = Debug|Any CPU
		Release|Any CPU = Release|Any CPU
	EndGlobalSection
	GlobalSection(ProjectConfigurationPlatforms) = postSolution
		{DB9C1348-8737-4AF2-AD5E-9C7BFBA5B067}.Debug|Any CPU.ActiveCfg = Debug|Any CPU
		{DB9C1348-8737-4AF2-AD5E-9C7BFBA5B067}.Debug|Any CPU.Build.0 = Debug|Any CPU
		{DB9C1348-8737-4AF2-AD5E-9C7BFBA5B067}.Release|Any CPU.ActiveCfg = Release|Any CPU
		{DB9C1348-8737-4AF2-AD5E-9C7BFBA5B067}.Release|Any CPU.Build.0 = Release|Any CPU
		{71ACE394-BC7A-4B26-AA46-F34D07C25F5F}.Debug|Any CPU.ActiveCfg = Debug|Any CPU
		{71ACE394-BC7A-4B26-AA46-F34D07C25F5F}.Debug|Any CPU.Build.0 = Debug|Any CPU
		{71ACE394-BC7A-4B26-AA46-F34D07C25F5F}.Release|Any CPU.ActiveCfg = Release|Any CPU
		{71ACE394-BC7A-4B26-AA46-F34D07C25F5F}.Release|Any CPU.Build.0 = Release|Any CPU
		{683324F0-4D77-410B-A749-960E234D7D27}.Debug|Any CPU.ActiveCfg = Debug|Any CPU
		{683324F0-4D77-410B-A749-960E234D7D27}.Debug|Any CPU.Build.0 = Debug|Any CPU
		{683324F0-4D77-410B-A749-960E234D7D27}.Release|Any CPU.ActiveCfg = Release|Any CPU
		{683324F0-4D77-410B-A749-960E234D7D27}.Release|Any CPU.Build.0 = Release|Any CPU
		{BA22EE1E-C853-40B1-A5C1-ED2B10300AC8}.Debug|Any CPU.ActiveCfg = Debug|Any CPU
		{BA22EE1E-C853-40B1-A5C1-ED2B10300AC8}.Debug|Any CPU.Build.0 = Debug|Any CPU
		{BA22EE1E-C853-40B1-A5C1-ED2B10300AC8}.Release|Any CPU.ActiveCfg = Release|Any CPU
		{BA22EE1E-C853-40B1-A5C1-ED2B10300AC8}.Release|Any CPU.Build.0 = Release|Any CPU
		{034A24CC-6933-4B3B-A6ED-5D5603CCA306}.Debug|Any CPU.ActiveCfg = Debug|Any CPU
		{034A24CC-6933-4B3B-A6ED-5D5603CCA306}.Debug|Any CPU.Build.0 = Debug|Any CPU
		{034A24CC-6933-4B3B-A6ED-5D5603CCA306}.Release|Any CPU.ActiveCfg = Release|Any CPU
		{034A24CC-6933-4B3B-A6ED-5D5603CCA306}.Release|Any CPU.Build.0 = Release|Any CPU
		{5FED827D-2C59-4583-B7AC-07A443B15259}.Debug|Any CPU.ActiveCfg = Debug|Any CPU
		{5FED827D-2C59-4583-B7AC-07A443B15259}.Debug|Any CPU.Build.0 = Debug|Any CPU
		{5FED827D-2C59-4583-B7AC-07A443B15259}.Release|Any CPU.ActiveCfg = Release|Any CPU
		{5FED827D-2C59-4583-B7AC-07A443B15259}.Release|Any CPU.Build.0 = Release|Any CPU
		{6437F003-99FF-4ECF-918B-BB69ECC539F7}.Debug|Any CPU.ActiveCfg = Debug|Any CPU
		{6437F003-99FF-4ECF-918B-BB69ECC539F7}.Debug|Any CPU.Build.0 = Debug|Any CPU
		{6437F003-99FF-4ECF-918B-BB69ECC539F7}.Release|Any CPU.ActiveCfg = Release|Any CPU
		{6437F003-99FF-4ECF-918B-BB69ECC539F7}.Release|Any CPU.Build.0 = Release|Any CPU
		{83221209-7F38-48CC-9792-FDB9A4D70856}.Debug|Any CPU.ActiveCfg = Debug|Any CPU
		{83221209-7F38-48CC-9792-FDB9A4D70856}.Debug|Any CPU.Build.0 = Debug|Any CPU
		{83221209-7F38-48CC-9792-FDB9A4D70856}.Release|Any CPU.ActiveCfg = Release|Any CPU
		{83221209-7F38-48CC-9792-FDB9A4D70856}.Release|Any CPU.Build.0 = Release|Any CPU
		{7B565491-18E9-4B90-9968-6CE74A8C8B04}.Debug|Any CPU.ActiveCfg = Debug|Any CPU
		{7B565491-18E9-4B90-9968-6CE74A8C8B04}.Debug|Any CPU.Build.0 = Debug|Any CPU
		{7B565491-18E9-4B90-9968-6CE74A8C8B04}.Release|Any CPU.ActiveCfg = Release|Any CPU
		{7B565491-18E9-4B90-9968-6CE74A8C8B04}.Release|Any CPU.Build.0 = Release|Any CPU
		{ACE23D8C-C073-45B3-85A3-1F0F659B067D}.Debug|Any CPU.ActiveCfg = Debug|Any CPU
		{ACE23D8C-C073-45B3-85A3-1F0F659B067D}.Debug|Any CPU.Build.0 = Debug|Any CPU
		{ACE23D8C-C073-45B3-85A3-1F0F659B067D}.Release|Any CPU.ActiveCfg = Release|Any CPU
		{ACE23D8C-C073-45B3-85A3-1F0F659B067D}.Release|Any CPU.Build.0 = Release|Any CPU
		{26B034AD-D0DC-4FF3-9A9A-CD4C70C380A9}.Debug|Any CPU.ActiveCfg = Debug|Any CPU
		{26B034AD-D0DC-4FF3-9A9A-CD4C70C380A9}.Debug|Any CPU.Build.0 = Debug|Any CPU
		{26B034AD-D0DC-4FF3-9A9A-CD4C70C380A9}.Release|Any CPU.ActiveCfg = Release|Any CPU
		{26B034AD-D0DC-4FF3-9A9A-CD4C70C380A9}.Release|Any CPU.Build.0 = Release|Any CPU
		{515B38B4-606C-4496-8EF0-43C72A53BD54}.Debug|Any CPU.ActiveCfg = Debug|Any CPU
		{515B38B4-606C-4496-8EF0-43C72A53BD54}.Debug|Any CPU.Build.0 = Debug|Any CPU
		{515B38B4-606C-4496-8EF0-43C72A53BD54}.Release|Any CPU.ActiveCfg = Release|Any CPU
		{515B38B4-606C-4496-8EF0-43C72A53BD54}.Release|Any CPU.Build.0 = Release|Any CPU
		{BA40F6AB-0E3C-4FD9-B83D-722DB6887EA1}.Debug|Any CPU.ActiveCfg = Debug|Any CPU
		{BA40F6AB-0E3C-4FD9-B83D-722DB6887EA1}.Debug|Any CPU.Build.0 = Debug|Any CPU
		{BA40F6AB-0E3C-4FD9-B83D-722DB6887EA1}.Release|Any CPU.ActiveCfg = Release|Any CPU
		{BA40F6AB-0E3C-4FD9-B83D-722DB6887EA1}.Release|Any CPU.Build.0 = Release|Any CPU
		{A860F619-AA96-4993-9AC6-B9517B260912}.Debug|Any CPU.ActiveCfg = Debug|Any CPU
		{A860F619-AA96-4993-9AC6-B9517B260912}.Debug|Any CPU.Build.0 = Debug|Any CPU
		{A860F619-AA96-4993-9AC6-B9517B260912}.Release|Any CPU.ActiveCfg = Release|Any CPU
		{A860F619-AA96-4993-9AC6-B9517B260912}.Release|Any CPU.Build.0 = Release|Any CPU
		{9FE446EE-C826-4892-B679-6CFDFE2975A6}.Debug|Any CPU.ActiveCfg = Debug|Any CPU
		{9FE446EE-C826-4892-B679-6CFDFE2975A6}.Debug|Any CPU.Build.0 = Debug|Any CPU
		{9FE446EE-C826-4892-B679-6CFDFE2975A6}.Release|Any CPU.ActiveCfg = Release|Any CPU
		{9FE446EE-C826-4892-B679-6CFDFE2975A6}.Release|Any CPU.Build.0 = Release|Any CPU
		{6524E4DE-0FCC-4A73-9836-D56EE3607346}.Debug|Any CPU.ActiveCfg = Debug|Any CPU
		{6524E4DE-0FCC-4A73-9836-D56EE3607346}.Debug|Any CPU.Build.0 = Debug|Any CPU
		{6524E4DE-0FCC-4A73-9836-D56EE3607346}.Release|Any CPU.ActiveCfg = Release|Any CPU
		{6524E4DE-0FCC-4A73-9836-D56EE3607346}.Release|Any CPU.Build.0 = Release|Any CPU
		{6B5D9951-FE88-490D-A627-78971A147AA7}.Debug|Any CPU.ActiveCfg = Debug|Any CPU
		{6B5D9951-FE88-490D-A627-78971A147AA7}.Debug|Any CPU.Build.0 = Debug|Any CPU
		{6B5D9951-FE88-490D-A627-78971A147AA7}.Release|Any CPU.ActiveCfg = Release|Any CPU
		{6B5D9951-FE88-490D-A627-78971A147AA7}.Release|Any CPU.Build.0 = Release|Any CPU
		{557D2BB9-0AA1-4F39-8919-33EBCA0E1914}.Debug|Any CPU.ActiveCfg = Debug|Any CPU
		{557D2BB9-0AA1-4F39-8919-33EBCA0E1914}.Debug|Any CPU.Build.0 = Debug|Any CPU
		{557D2BB9-0AA1-4F39-8919-33EBCA0E1914}.Release|Any CPU.ActiveCfg = Release|Any CPU
		{557D2BB9-0AA1-4F39-8919-33EBCA0E1914}.Release|Any CPU.Build.0 = Release|Any CPU
		{8ECAE784-CD02-4F37-BF70-C245A0616F22}.Debug|Any CPU.ActiveCfg = Debug|Any CPU
		{8ECAE784-CD02-4F37-BF70-C245A0616F22}.Debug|Any CPU.Build.0 = Debug|Any CPU
		{8ECAE784-CD02-4F37-BF70-C245A0616F22}.Release|Any CPU.ActiveCfg = Release|Any CPU
		{8ECAE784-CD02-4F37-BF70-C245A0616F22}.Release|Any CPU.Build.0 = Release|Any CPU
		{DAB056B1-FA96-4A4E-9AAF-E4A69B86A226}.Debug|Any CPU.ActiveCfg = Debug|Any CPU
		{DAB056B1-FA96-4A4E-9AAF-E4A69B86A226}.Debug|Any CPU.Build.0 = Debug|Any CPU
		{DAB056B1-FA96-4A4E-9AAF-E4A69B86A226}.Release|Any CPU.ActiveCfg = Release|Any CPU
		{DAB056B1-FA96-4A4E-9AAF-E4A69B86A226}.Release|Any CPU.Build.0 = Release|Any CPU
		{C1A33E5B-E713-4D12-B91E-64BD16D1A937}.Debug|Any CPU.ActiveCfg = Debug|Any CPU
		{C1A33E5B-E713-4D12-B91E-64BD16D1A937}.Debug|Any CPU.Build.0 = Debug|Any CPU
		{C1A33E5B-E713-4D12-B91E-64BD16D1A937}.Release|Any CPU.ActiveCfg = Release|Any CPU
		{C1A33E5B-E713-4D12-B91E-64BD16D1A937}.Release|Any CPU.Build.0 = Release|Any CPU
		{A571DC72-08E3-4B25-9F4C-EF79C5CCC567}.Debug|Any CPU.ActiveCfg = Debug|Any CPU
		{A571DC72-08E3-4B25-9F4C-EF79C5CCC567}.Debug|Any CPU.Build.0 = Debug|Any CPU
		{A571DC72-08E3-4B25-9F4C-EF79C5CCC567}.Release|Any CPU.ActiveCfg = Release|Any CPU
		{A571DC72-08E3-4B25-9F4C-EF79C5CCC567}.Release|Any CPU.Build.0 = Release|Any CPU
		{BA6BD558-EEC6-4C45-93D1-5CC1D452C3E3}.Debug|Any CPU.ActiveCfg = Debug|Any CPU
		{BA6BD558-EEC6-4C45-93D1-5CC1D452C3E3}.Debug|Any CPU.Build.0 = Debug|Any CPU
		{BA6BD558-EEC6-4C45-93D1-5CC1D452C3E3}.Release|Any CPU.ActiveCfg = Release|Any CPU
		{BA6BD558-EEC6-4C45-93D1-5CC1D452C3E3}.Release|Any CPU.Build.0 = Release|Any CPU
		{4EFB547C-1109-488B-BA1D-C959E1E57DD6}.Debug|Any CPU.ActiveCfg = Debug|Any CPU
		{4EFB547C-1109-488B-BA1D-C959E1E57DD6}.Debug|Any CPU.Build.0 = Debug|Any CPU
		{4EFB547C-1109-488B-BA1D-C959E1E57DD6}.Release|Any CPU.ActiveCfg = Release|Any CPU
		{4EFB547C-1109-488B-BA1D-C959E1E57DD6}.Release|Any CPU.Build.0 = Release|Any CPU
		{4A379C47-B3FA-4A94-B3F6-85E12FED8038}.Debug|Any CPU.ActiveCfg = Debug|Any CPU
		{4A379C47-B3FA-4A94-B3F6-85E12FED8038}.Debug|Any CPU.Build.0 = Debug|Any CPU
		{4A379C47-B3FA-4A94-B3F6-85E12FED8038}.Release|Any CPU.ActiveCfg = Release|Any CPU
		{4A379C47-B3FA-4A94-B3F6-85E12FED8038}.Release|Any CPU.Build.0 = Release|Any CPU
		{DF9700BB-2C45-4796-B20F-F64ACEB25DBE}.Debug|Any CPU.ActiveCfg = Debug|Any CPU
		{DF9700BB-2C45-4796-B20F-F64ACEB25DBE}.Debug|Any CPU.Build.0 = Debug|Any CPU
		{DF9700BB-2C45-4796-B20F-F64ACEB25DBE}.Release|Any CPU.ActiveCfg = Release|Any CPU
		{DF9700BB-2C45-4796-B20F-F64ACEB25DBE}.Release|Any CPU.Build.0 = Release|Any CPU
		{98EE9612-08D0-4A00-B18C-60A96659CBBB}.Debug|Any CPU.ActiveCfg = Debug|Any CPU
		{98EE9612-08D0-4A00-B18C-60A96659CBBB}.Debug|Any CPU.Build.0 = Debug|Any CPU
		{98EE9612-08D0-4A00-B18C-60A96659CBBB}.Release|Any CPU.ActiveCfg = Release|Any CPU
		{98EE9612-08D0-4A00-B18C-60A96659CBBB}.Release|Any CPU.Build.0 = Release|Any CPU
		{63B9B87B-1474-4EEB-A3E9-CE32983F9582}.Debug|Any CPU.ActiveCfg = Debug|Any CPU
		{63B9B87B-1474-4EEB-A3E9-CE32983F9582}.Debug|Any CPU.Build.0 = Debug|Any CPU
		{63B9B87B-1474-4EEB-A3E9-CE32983F9582}.Release|Any CPU.ActiveCfg = Release|Any CPU
		{63B9B87B-1474-4EEB-A3E9-CE32983F9582}.Release|Any CPU.Build.0 = Release|Any CPU
		{EE82B585-CD5B-4561-B480-A505E5BE3090}.Debug|Any CPU.ActiveCfg = Debug|Any CPU
		{EE82B585-CD5B-4561-B480-A505E5BE3090}.Debug|Any CPU.Build.0 = Debug|Any CPU
		{EE82B585-CD5B-4561-B480-A505E5BE3090}.Release|Any CPU.ActiveCfg = Release|Any CPU
		{EE82B585-CD5B-4561-B480-A505E5BE3090}.Release|Any CPU.Build.0 = Release|Any CPU
		{7BF59DE2-4107-45BA-9E58-9289D0B644FA}.Debug|Any CPU.ActiveCfg = Debug|Any CPU
		{7BF59DE2-4107-45BA-9E58-9289D0B644FA}.Debug|Any CPU.Build.0 = Debug|Any CPU
		{7BF59DE2-4107-45BA-9E58-9289D0B644FA}.Release|Any CPU.ActiveCfg = Release|Any CPU
		{7BF59DE2-4107-45BA-9E58-9289D0B644FA}.Release|Any CPU.Build.0 = Release|Any CPU
		{ABEEB6EB-B935-48E3-8BE5-2FDF540C03EF}.Debug|Any CPU.ActiveCfg = Debug|Any CPU
		{ABEEB6EB-B935-48E3-8BE5-2FDF540C03EF}.Debug|Any CPU.Build.0 = Debug|Any CPU
		{ABEEB6EB-B935-48E3-8BE5-2FDF540C03EF}.Release|Any CPU.ActiveCfg = Release|Any CPU
		{ABEEB6EB-B935-48E3-8BE5-2FDF540C03EF}.Release|Any CPU.Build.0 = Release|Any CPU
		{5D8E7B96-8F70-4B99-B509-7605C3E1B501}.Debug|Any CPU.ActiveCfg = Debug|Any CPU
		{5D8E7B96-8F70-4B99-B509-7605C3E1B501}.Debug|Any CPU.Build.0 = Debug|Any CPU
		{5D8E7B96-8F70-4B99-B509-7605C3E1B501}.Release|Any CPU.ActiveCfg = Release|Any CPU
		{5D8E7B96-8F70-4B99-B509-7605C3E1B501}.Release|Any CPU.Build.0 = Release|Any CPU
		{75D68DF4-35F9-4978-9225-321404A2E31E}.Debug|Any CPU.ActiveCfg = Debug|Any CPU
		{75D68DF4-35F9-4978-9225-321404A2E31E}.Debug|Any CPU.Build.0 = Debug|Any CPU
		{75D68DF4-35F9-4978-9225-321404A2E31E}.Release|Any CPU.ActiveCfg = Release|Any CPU
		{75D68DF4-35F9-4978-9225-321404A2E31E}.Release|Any CPU.Build.0 = Release|Any CPU
		{19DE8B28-1EEB-4D51-A72B-81D21EC86A63}.Debug|Any CPU.ActiveCfg = Debug|Any CPU
		{19DE8B28-1EEB-4D51-A72B-81D21EC86A63}.Debug|Any CPU.Build.0 = Debug|Any CPU
		{19DE8B28-1EEB-4D51-A72B-81D21EC86A63}.Release|Any CPU.ActiveCfg = Release|Any CPU
		{19DE8B28-1EEB-4D51-A72B-81D21EC86A63}.Release|Any CPU.Build.0 = Release|Any CPU
		{1486FFFC-A019-45C6-84E2-FB0275CED827}.Debug|Any CPU.ActiveCfg = Debug|Any CPU
		{1486FFFC-A019-45C6-84E2-FB0275CED827}.Debug|Any CPU.Build.0 = Debug|Any CPU
		{1486FFFC-A019-45C6-84E2-FB0275CED827}.Release|Any CPU.ActiveCfg = Release|Any CPU
		{1486FFFC-A019-45C6-84E2-FB0275CED827}.Release|Any CPU.Build.0 = Release|Any CPU
		{0802212D-E5B9-4C04-9627-7C24819E0B1F}.Debug|Any CPU.ActiveCfg = Debug|Any CPU
		{0802212D-E5B9-4C04-9627-7C24819E0B1F}.Debug|Any CPU.Build.0 = Debug|Any CPU
		{0802212D-E5B9-4C04-9627-7C24819E0B1F}.Release|Any CPU.ActiveCfg = Release|Any CPU
		{0802212D-E5B9-4C04-9627-7C24819E0B1F}.Release|Any CPU.Build.0 = Release|Any CPU
		{8161F088-79CB-4D18-B8D7-07EDBA3015E6}.Debug|Any CPU.ActiveCfg = Debug|Any CPU
		{8161F088-79CB-4D18-B8D7-07EDBA3015E6}.Debug|Any CPU.Build.0 = Debug|Any CPU
		{8161F088-79CB-4D18-B8D7-07EDBA3015E6}.Release|Any CPU.ActiveCfg = Release|Any CPU
		{8161F088-79CB-4D18-B8D7-07EDBA3015E6}.Release|Any CPU.Build.0 = Release|Any CPU
		{5CFE242A-0DAB-4E46-B07F-31ABE4F9E3C1}.Debug|Any CPU.ActiveCfg = Debug|Any CPU
		{5CFE242A-0DAB-4E46-B07F-31ABE4F9E3C1}.Debug|Any CPU.Build.0 = Debug|Any CPU
		{5CFE242A-0DAB-4E46-B07F-31ABE4F9E3C1}.Release|Any CPU.ActiveCfg = Release|Any CPU
		{5CFE242A-0DAB-4E46-B07F-31ABE4F9E3C1}.Release|Any CPU.Build.0 = Release|Any CPU
		{3605B2AA-D230-4E34-A725-3C4F8660DF25}.Debug|Any CPU.ActiveCfg = Debug|Any CPU
		{3605B2AA-D230-4E34-A725-3C4F8660DF25}.Debug|Any CPU.Build.0 = Debug|Any CPU
		{3605B2AA-D230-4E34-A725-3C4F8660DF25}.Release|Any CPU.ActiveCfg = Release|Any CPU
		{3605B2AA-D230-4E34-A725-3C4F8660DF25}.Release|Any CPU.Build.0 = Release|Any CPU
		{42848D1E-A85E-4457-A35B-3879B292731F}.Debug|Any CPU.ActiveCfg = Debug|Any CPU
		{42848D1E-A85E-4457-A35B-3879B292731F}.Debug|Any CPU.Build.0 = Debug|Any CPU
		{42848D1E-A85E-4457-A35B-3879B292731F}.Release|Any CPU.ActiveCfg = Release|Any CPU
		{42848D1E-A85E-4457-A35B-3879B292731F}.Release|Any CPU.Build.0 = Release|Any CPU
		{BC6BB478-F457-48E4-8B8D-12BA5ABC0E28}.Debug|Any CPU.ActiveCfg = Debug|Any CPU
		{BC6BB478-F457-48E4-8B8D-12BA5ABC0E28}.Debug|Any CPU.Build.0 = Debug|Any CPU
		{BC6BB478-F457-48E4-8B8D-12BA5ABC0E28}.Release|Any CPU.ActiveCfg = Release|Any CPU
		{BC6BB478-F457-48E4-8B8D-12BA5ABC0E28}.Release|Any CPU.Build.0 = Release|Any CPU
	EndGlobalSection
	GlobalSection(SolutionProperties) = preSolution
		HideSolutionNode = FALSE
	EndGlobalSection
	GlobalSection(NestedProjects) = preSolution
		{DB9C1348-8737-4AF2-AD5E-9C7BFBA5B067} = {9B500B11-C16E-4212-8F17-C06DCD65215B}
		{71ACE394-BC7A-4B26-AA46-F34D07C25F5F} = {76363DE0-8076-4107-B00B-8740A839809B}
		{683324F0-4D77-410B-A749-960E234D7D27} = {FCE27C5B-D54E-424A-BE68-B60FEDE35C1F}
		{BA22EE1E-C853-40B1-A5C1-ED2B10300AC8} = {4ACC66BC-2C89-4BD2-9931-DEAD4F3FC683}
		{034A24CC-6933-4B3B-A6ED-5D5603CCA306} = {FCE27C5B-D54E-424A-BE68-B60FEDE35C1F}
		{5FED827D-2C59-4583-B7AC-07A443B15259} = {9B500B11-C16E-4212-8F17-C06DCD65215B}
		{6437F003-99FF-4ECF-918B-BB69ECC539F7} = {9B500B11-C16E-4212-8F17-C06DCD65215B}
		{83221209-7F38-48CC-9792-FDB9A4D70856} = {9B500B11-C16E-4212-8F17-C06DCD65215B}
		{7B565491-18E9-4B90-9968-6CE74A8C8B04} = {9B500B11-C16E-4212-8F17-C06DCD65215B}
		{ACE23D8C-C073-45B3-85A3-1F0F659B067D} = {FCE27C5B-D54E-424A-BE68-B60FEDE35C1F}
		{26B034AD-D0DC-4FF3-9A9A-CD4C70C380A9} = {FCE27C5B-D54E-424A-BE68-B60FEDE35C1F}
		{515B38B4-606C-4496-8EF0-43C72A53BD54} = {FCE27C5B-D54E-424A-BE68-B60FEDE35C1F}
		{BA40F6AB-0E3C-4FD9-B83D-722DB6887EA1} = {9B500B11-C16E-4212-8F17-C06DCD65215B}
		{A860F619-AA96-4993-9AC6-B9517B260912} = {9B500B11-C16E-4212-8F17-C06DCD65215B}
		{9FE446EE-C826-4892-B679-6CFDFE2975A6} = {9B500B11-C16E-4212-8F17-C06DCD65215B}
		{6524E4DE-0FCC-4A73-9836-D56EE3607346} = {4ACC66BC-2C89-4BD2-9931-DEAD4F3FC683}
		{6B5D9951-FE88-490D-A627-78971A147AA7} = {FCE27C5B-D54E-424A-BE68-B60FEDE35C1F}
		{557D2BB9-0AA1-4F39-8919-33EBCA0E1914} = {FCE27C5B-D54E-424A-BE68-B60FEDE35C1F}
		{8ECAE784-CD02-4F37-BF70-C245A0616F22} = {9B500B11-C16E-4212-8F17-C06DCD65215B}
		{DAB056B1-FA96-4A4E-9AAF-E4A69B86A226} = {FCE27C5B-D54E-424A-BE68-B60FEDE35C1F}
		{C1A33E5B-E713-4D12-B91E-64BD16D1A937} = {9B500B11-C16E-4212-8F17-C06DCD65215B}
		{A571DC72-08E3-4B25-9F4C-EF79C5CCC567} = {76363DE0-8076-4107-B00B-8740A839809B}
		{BA6BD558-EEC6-4C45-93D1-5CC1D452C3E3} = {FCE27C5B-D54E-424A-BE68-B60FEDE35C1F}
		{4EFB547C-1109-488B-BA1D-C959E1E57DD6} = {FCE27C5B-D54E-424A-BE68-B60FEDE35C1F}
		{4A379C47-B3FA-4A94-B3F6-85E12FED8038} = {AE6E41B6-45CD-4C0E-8B8C-29E3F2E56E60}
		{DF9700BB-2C45-4796-B20F-F64ACEB25DBE} = {AE6E41B6-45CD-4C0E-8B8C-29E3F2E56E60}
		{98EE9612-08D0-4A00-B18C-60A96659CBBB} = {AE6E41B6-45CD-4C0E-8B8C-29E3F2E56E60}
		{AE6E41B6-45CD-4C0E-8B8C-29E3F2E56E60} = {4ACC66BC-2C89-4BD2-9931-DEAD4F3FC683}
		{63B9B87B-1474-4EEB-A3E9-CE32983F9582} = {AE6E41B6-45CD-4C0E-8B8C-29E3F2E56E60}
		{EE82B585-CD5B-4561-B480-A505E5BE3090} = {9B500B11-C16E-4212-8F17-C06DCD65215B}
		{7BF59DE2-4107-45BA-9E58-9289D0B644FA} = {9B500B11-C16E-4212-8F17-C06DCD65215B}
		{ABEEB6EB-B935-48E3-8BE5-2FDF540C03EF} = {4ACC66BC-2C89-4BD2-9931-DEAD4F3FC683}
		{5D8E7B96-8F70-4B99-B509-7605C3E1B501} = {9B500B11-C16E-4212-8F17-C06DCD65215B}
		{75D68DF4-35F9-4978-9225-321404A2E31E} = {9B500B11-C16E-4212-8F17-C06DCD65215B}
		{DBCB0D98-5009-4DD9-AA39-4F31D40D3555} = {4ACC66BC-2C89-4BD2-9931-DEAD4F3FC683}
		{19DE8B28-1EEB-4D51-A72B-81D21EC86A63} = {DBCB0D98-5009-4DD9-AA39-4F31D40D3555}
		{1486FFFC-A019-45C6-84E2-FB0275CED827} = {DBCB0D98-5009-4DD9-AA39-4F31D40D3555}
		{0802212D-E5B9-4C04-9627-7C24819E0B1F} = {9B500B11-C16E-4212-8F17-C06DCD65215B}
		{8161F088-79CB-4D18-B8D7-07EDBA3015E6} = {9B500B11-C16E-4212-8F17-C06DCD65215B}
		{5CFE242A-0DAB-4E46-B07F-31ABE4F9E3C1} = {9B500B11-C16E-4212-8F17-C06DCD65215B}
		{3605B2AA-D230-4E34-A725-3C4F8660DF25} = {76363DE0-8076-4107-B00B-8740A839809B}
		{42848D1E-A85E-4457-A35B-3879B292731F} = {9B500B11-C16E-4212-8F17-C06DCD65215B}
		{BC6BB478-F457-48E4-8B8D-12BA5ABC0E28} = {4ACC66BC-2C89-4BD2-9931-DEAD4F3FC683}
	EndGlobalSection
EndGlobal
