
Microsoft Visual Studio Solution File, Format Version 12.00
# Visual Studio Version 17
VisualStudioVersion = 17.3.32819.101
MinimumVisualStudioVersion = 10.0.40219.1
Project("{9A19103F-16F7-4668-BE54-9A1E7A4F7556}") = "BackgroundTasks", "BackgroundTasks\BackgroundTasks\BackgroundTasks.csproj", "{BA22EE1E-C853-40B1-A5C1-ED2B10300AC8}"
EndProject
Project("{9A19103F-16F7-4668-BE54-9A1E7A4F7556}") = "ChartJS", "ChartJS\ChartJS\ChartJS.csproj", "{683324F0-4D77-410B-A749-960E234D7D27}"
EndProject
Project("{9A19103F-16F7-4668-BE54-9A1E7A4F7556}") = "CustomPainting", "CustomPainting\CustomPainting\CustomPainting.csproj", "{5FED827D-2C59-4583-B7AC-07A443B15259}"
EndProject
Project("{9A19103F-16F7-4668-BE54-9A1E7A4F7556}") = "DeepLinking", "DeepLinking\DeepLinking\DeepLinking.csproj", "{83221209-7F38-48CC-9792-FDB9A4D70856}"
EndProject
Project("{9A19103F-16F7-4668-BE54-9A1E7A4F7556}") = "KeyboardHandling", "KeyboardHandling\KeyboardHandling\KeyboardHandling.csproj", "{BA40F6AB-0E3C-4FD9-B83D-722DB6887EA1}"
EndProject
Project("{FAE04EC0-301F-11D3-BF4B-00C04F79EFBC}") = "Localization", "Localization\Localization\Localization.csproj", "{FC3DDDA8-D43F-45D2-BE66-1DEA28AAE386}"
EndProject
Project("{9A19103F-16F7-4668-BE54-9A1E7A4F7556}") = "ModalWorkflow", "ModalWorkflow\ModalWorkflow\ModalWorkflow.csproj", "{9FE446EE-C826-4892-B679-6CFDFE2975A6}"
EndProject
Project("{9A19103F-16F7-4668-BE54-9A1E7A4F7556}") = "UploadFiles", "UploadFiles\UploadFiles\UploadFiles.csproj", "{EE82B585-CD5B-4561-B480-A505E5BE3090}"
EndProject
Project("{9A19103F-16F7-4668-BE54-9A1E7A4F7556}") = "UserControl", "UserControl\UserControl\UserControl.csproj", "{7BF59DE2-4107-45BA-9E58-9289D0B644FA}"
EndProject
Project("{9A19103F-16F7-4668-BE54-9A1E7A4F7556}") = "UserDesktop", "UserDesktop\UserDesktop\UserDesktop.csproj", "{ABEEB6EB-B935-48E3-8BE5-2FDF540C03EF}"
EndProject
Project("{9A19103F-16F7-4668-BE54-9A1E7A4F7556}") = "Wisej.RibbonBar", "Wisej.RibbonBar\Wisej.RibbonBar\Wisej.RibbonBar.csproj", "{32FF5735-87AD-4114-A742-A90C9F2D47F1}"
EndProject
Project("{9A19103F-16F7-4668-BE54-9A1E7A4F7556}") = "Wisej.GoogleMaps", "GoogleMaps\Wisej.GoogleMaps\Wisej.GoogleMaps.csproj", "{126C204C-7BBA-45FA-B49E-BA980BFFF8A5}"
EndProject
Project("{9A19103F-16F7-4668-BE54-9A1E7A4F7556}") = "Wisej.FullCalendar", "FullCalendar\Wisej.FullCalendar\Wisej.FullCalendar.csproj", "{7FFD1DC7-F2AE-4EA7-BD20-DF00E6968374}"
EndProject
Project("{9A19103F-16F7-4668-BE54-9A1E7A4F7556}") = "Wisej.Download", "Download\Wisej.Download\Wisej.Download.csproj", "{17DFEE25-3493-439E-B7C9-46A5BDB30C73}"
EndProject
Project("{9A19103F-16F7-4668-BE54-9A1E7A4F7556}") = "Wisej.DGVUserPaint", "UserPaintCells\Wisej.DGVUserPaint\Wisej.DGVUserPaint.csproj", "{4FD28093-B2DE-4CFC-9614-EF25AC2115F3}"
EndProject
Project("{9A19103F-16F7-4668-BE54-9A1E7A4F7556}") = "Wisej.SimpleChat", "SimpleChat\Wisej.SimpleChat\Wisej.SimpleChat.csproj", "{F0E5C907-06B9-4916-A7BF-6D3505003D4E}"
EndProject
Project("{9A19103F-16F7-4668-BE54-9A1E7A4F7556}") = "Wisej.Responsive", "Responsive\Wisej.Responsive\Wisej.Responsive.csproj", "{93925FA7-5ADB-44A6-BC32-0A90E5CFA12E}"
EndProject
Project("{9A19103F-16F7-4668-BE54-9A1E7A4F7556}") = "Wisej.OfficeViewer", "Wisej.OfficeViewer\Wisej.OfficeViewer\Wisej.OfficeViewer.csproj", "{EADB4E92-461B-4D5B-98D4-4E4D39FAFC72}"
EndProject
Project("{9A19103F-16F7-4668-BE54-9A1E7A4F7556}") = "Wisej.DataRepeaterDragDrop", "Wisej.DataRepeaterDragDrop\Wisej.DataRepeaterDragDrop\Wisej.DataRepeaterDragDrop.csproj", "{19224B51-B7DD-441C-A6F0-CC6456BFA21B}"
EndProject
Project("{9A19103F-16F7-4668-BE54-9A1E7A4F7556}") = "Wisej.CustomCellRenderer", "Wisej.CustomCellRenderer\Wisej.CustomCellRenderer\Wisej.CustomCellRenderer.csproj", "{09C876DF-314D-4CF4-BD13-CB10A4F92078}"
EndProject
Project("{FAE04EC0-301F-11D3-BF4B-00C04F79EFBC}") = "TicTacToe", "TicTacToe\TicTacToe.csproj", "{11FDA965-4CA8-4690-A7E2-7B2B763D4415}"
EndProject
Global
	GlobalSection(SolutionConfigurationPlatforms) = preSolution
		Debug|Any CPU = Debug|Any CPU
		Release|Any CPU = Release|Any CPU
	EndGlobalSection
	GlobalSection(ProjectConfigurationPlatforms) = postSolution
		{BA22EE1E-C853-40B1-A5C1-ED2B10300AC8}.Debug|Any CPU.ActiveCfg = Debug|Any CPU
		{BA22EE1E-C853-40B1-A5C1-ED2B10300AC8}.Debug|Any CPU.Build.0 = Debug|Any CPU
		{BA22EE1E-C853-40B1-A5C1-ED2B10300AC8}.Release|Any CPU.ActiveCfg = Release|Any CPU
		{BA22EE1E-C853-40B1-A5C1-ED2B10300AC8}.Release|Any CPU.Build.0 = Release|Any CPU
		{683324F0-4D77-410B-A749-960E234D7D27}.Debug|Any CPU.ActiveCfg = Debug|Any CPU
		{683324F0-4D77-410B-A749-960E234D7D27}.Debug|Any CPU.Build.0 = Debug|Any CPU
		{683324F0-4D77-410B-A749-960E234D7D27}.Release|Any CPU.ActiveCfg = Release|Any CPU
		{683324F0-4D77-410B-A749-960E234D7D27}.Release|Any CPU.Build.0 = Release|Any CPU
		{5FED827D-2C59-4583-B7AC-07A443B15259}.Debug|Any CPU.ActiveCfg = Debug|Any CPU
		{5FED827D-2C59-4583-B7AC-07A443B15259}.Debug|Any CPU.Build.0 = Debug|Any CPU
		{5FED827D-2C59-4583-B7AC-07A443B15259}.Release|Any CPU.ActiveCfg = Release|Any CPU
		{5FED827D-2C59-4583-B7AC-07A443B15259}.Release|Any CPU.Build.0 = Release|Any CPU
		{83221209-7F38-48CC-9792-FDB9A4D70856}.Debug|Any CPU.ActiveCfg = Debug|Any CPU
		{83221209-7F38-48CC-9792-FDB9A4D70856}.Debug|Any CPU.Build.0 = Debug|Any CPU
		{83221209-7F38-48CC-9792-FDB9A4D70856}.Release|Any CPU.ActiveCfg = Release|Any CPU
		{83221209-7F38-48CC-9792-FDB9A4D70856}.Release|Any CPU.Build.0 = Release|Any CPU
		{BA40F6AB-0E3C-4FD9-B83D-722DB6887EA1}.Debug|Any CPU.ActiveCfg = Debug|Any CPU
		{BA40F6AB-0E3C-4FD9-B83D-722DB6887EA1}.Debug|Any CPU.Build.0 = Debug|Any CPU
		{BA40F6AB-0E3C-4FD9-B83D-722DB6887EA1}.Release|Any CPU.ActiveCfg = Release|Any CPU
		{BA40F6AB-0E3C-4FD9-B83D-722DB6887EA1}.Release|Any CPU.Build.0 = Release|Any CPU
		{FC3DDDA8-D43F-45D2-BE66-1DEA28AAE386}.Debug|Any CPU.ActiveCfg = Debug|Any CPU
		{FC3DDDA8-D43F-45D2-BE66-1DEA28AAE386}.Debug|Any CPU.Build.0 = Debug|Any CPU
		{FC3DDDA8-D43F-45D2-BE66-1DEA28AAE386}.Release|Any CPU.ActiveCfg = Release|Any CPU
		{FC3DDDA8-D43F-45D2-BE66-1DEA28AAE386}.Release|Any CPU.Build.0 = Release|Any CPU
		{9FE446EE-C826-4892-B679-6CFDFE2975A6}.Debug|Any CPU.ActiveCfg = Debug|Any CPU
		{9FE446EE-C826-4892-B679-6CFDFE2975A6}.Debug|Any CPU.Build.0 = Debug|Any CPU
		{9FE446EE-C826-4892-B679-6CFDFE2975A6}.Release|Any CPU.ActiveCfg = Release|Any CPU
		{9FE446EE-C826-4892-B679-6CFDFE2975A6}.Release|Any CPU.Build.0 = Release|Any CPU
		{EE82B585-CD5B-4561-B480-A505E5BE3090}.Debug|Any CPU.ActiveCfg = Debug|Any CPU
		{EE82B585-CD5B-4561-B480-A505E5BE3090}.Debug|Any CPU.Build.0 = Debug|Any CPU
		{EE82B585-CD5B-4561-B480-A505E5BE3090}.Release|Any CPU.ActiveCfg = Release|Any CPU
		{EE82B585-CD5B-4561-B480-A505E5BE3090}.Release|Any CPU.Build.0 = Release|Any CPU
		{7BF59DE2-4107-45BA-9E58-9289D0B644FA}.Debug|Any CPU.ActiveCfg = Debug|Any CPU
		{7BF59DE2-4107-45BA-9E58-9289D0B644FA}.Debug|Any CPU.Build.0 = Debug|Any CPU
		{7BF59DE2-4107-45BA-9E58-9289D0B644FA}.Release|Any CPU.ActiveCfg = Release|Any CPU
		{7BF59DE2-4107-45BA-9E58-9289D0B644FA}.Release|Any CPU.Build.0 = Release|Any CPU
		{ABEEB6EB-B935-48E3-8BE5-2FDF540C03EF}.Debug|Any CPU.ActiveCfg = Debug|Any CPU
		{ABEEB6EB-B935-48E3-8BE5-2FDF540C03EF}.Debug|Any CPU.Build.0 = Debug|Any CPU
		{ABEEB6EB-B935-48E3-8BE5-2FDF540C03EF}.Release|Any CPU.ActiveCfg = Release|Any CPU
		{ABEEB6EB-B935-48E3-8BE5-2FDF540C03EF}.Release|Any CPU.Build.0 = Release|Any CPU
		{32FF5735-87AD-4114-A742-A90C9F2D47F1}.Debug|Any CPU.ActiveCfg = Debug|Any CPU
		{32FF5735-87AD-4114-A742-A90C9F2D47F1}.Debug|Any CPU.Build.0 = Debug|Any CPU
		{32FF5735-87AD-4114-A742-A90C9F2D47F1}.Release|Any CPU.ActiveCfg = Release|Any CPU
		{32FF5735-87AD-4114-A742-A90C9F2D47F1}.Release|Any CPU.Build.0 = Release|Any CPU
		{126C204C-7BBA-45FA-B49E-BA980BFFF8A5}.Debug|Any CPU.ActiveCfg = Debug|Any CPU
		{126C204C-7BBA-45FA-B49E-BA980BFFF8A5}.Debug|Any CPU.Build.0 = Debug|Any CPU
		{126C204C-7BBA-45FA-B49E-BA980BFFF8A5}.Release|Any CPU.ActiveCfg = Release|Any CPU
		{126C204C-7BBA-45FA-B49E-BA980BFFF8A5}.Release|Any CPU.Build.0 = Release|Any CPU
		{7FFD1DC7-F2AE-4EA7-BD20-DF00E6968374}.Debug|Any CPU.ActiveCfg = Debug|Any CPU
		{7FFD1DC7-F2AE-4EA7-BD20-DF00E6968374}.Debug|Any CPU.Build.0 = Debug|Any CPU
		{7FFD1DC7-F2AE-4EA7-BD20-DF00E6968374}.Release|Any CPU.ActiveCfg = Release|Any CPU
		{7FFD1DC7-F2AE-4EA7-BD20-DF00E6968374}.Release|Any CPU.Build.0 = Release|Any CPU
		{17DFEE25-3493-439E-B7C9-46A5BDB30C73}.Debug|Any CPU.ActiveCfg = Debug|Any CPU
		{17DFEE25-3493-439E-B7C9-46A5BDB30C73}.Debug|Any CPU.Build.0 = Debug|Any CPU
		{17DFEE25-3493-439E-B7C9-46A5BDB30C73}.Release|Any CPU.ActiveCfg = Release|Any CPU
		{17DFEE25-3493-439E-B7C9-46A5BDB30C73}.Release|Any CPU.Build.0 = Release|Any CPU
		{4FD28093-B2DE-4CFC-9614-EF25AC2115F3}.Debug|Any CPU.ActiveCfg = Debug|Any CPU
		{4FD28093-B2DE-4CFC-9614-EF25AC2115F3}.Debug|Any CPU.Build.0 = Debug|Any CPU
		{4FD28093-B2DE-4CFC-9614-EF25AC2115F3}.Release|Any CPU.ActiveCfg = Release|Any CPU
		{4FD28093-B2DE-4CFC-9614-EF25AC2115F3}.Release|Any CPU.Build.0 = Release|Any CPU
		{F0E5C907-06B9-4916-A7BF-6D3505003D4E}.Debug|Any CPU.ActiveCfg = Debug|Any CPU
		{F0E5C907-06B9-4916-A7BF-6D3505003D4E}.Debug|Any CPU.Build.0 = Debug|Any CPU
		{F0E5C907-06B9-4916-A7BF-6D3505003D4E}.Release|Any CPU.ActiveCfg = Release|Any CPU
		{F0E5C907-06B9-4916-A7BF-6D3505003D4E}.Release|Any CPU.Build.0 = Release|Any CPU
		{93925FA7-5ADB-44A6-BC32-0A90E5CFA12E}.Debug|Any CPU.ActiveCfg = Debug|Any CPU
		{93925FA7-5ADB-44A6-BC32-0A90E5CFA12E}.Debug|Any CPU.Build.0 = Debug|Any CPU
		{93925FA7-5ADB-44A6-BC32-0A90E5CFA12E}.Release|Any CPU.ActiveCfg = Release|Any CPU
		{93925FA7-5ADB-44A6-BC32-0A90E5CFA12E}.Release|Any CPU.Build.0 = Release|Any CPU
		{EADB4E92-461B-4D5B-98D4-4E4D39FAFC72}.Debug|Any CPU.ActiveCfg = Debug|Any CPU
		{EADB4E92-461B-4D5B-98D4-4E4D39FAFC72}.Debug|Any CPU.Build.0 = Debug|Any CPU
		{EADB4E92-461B-4D5B-98D4-4E4D39FAFC72}.Release|Any CPU.ActiveCfg = Release|Any CPU
		{EADB4E92-461B-4D5B-98D4-4E4D39FAFC72}.Release|Any CPU.Build.0 = Release|Any CPU
		{19224B51-B7DD-441C-A6F0-CC6456BFA21B}.Debug|Any CPU.ActiveCfg = Debug|Any CPU
		{19224B51-B7DD-441C-A6F0-CC6456BFA21B}.Debug|Any CPU.Build.0 = Debug|Any CPU
		{19224B51-B7DD-441C-A6F0-CC6456BFA21B}.Release|Any CPU.ActiveCfg = Release|Any CPU
		{19224B51-B7DD-441C-A6F0-CC6456BFA21B}.Release|Any CPU.Build.0 = Release|Any CPU
		{09C876DF-314D-4CF4-BD13-CB10A4F92078}.Debug|Any CPU.ActiveCfg = Debug|Any CPU
		{09C876DF-314D-4CF4-BD13-CB10A4F92078}.Debug|Any CPU.Build.0 = Debug|Any CPU
		{09C876DF-314D-4CF4-BD13-CB10A4F92078}.Release|Any CPU.ActiveCfg = Release|Any CPU
		{09C876DF-314D-4CF4-BD13-CB10A4F92078}.Release|Any CPU.Build.0 = Release|Any CPU
		{11FDA965-4CA8-4690-A7E2-7B2B763D4415}.Debug|Any CPU.ActiveCfg = Debug|Any CPU
		{11FDA965-4CA8-4690-A7E2-7B2B763D4415}.Debug|Any CPU.Build.0 = Debug|Any CPU
		{11FDA965-4CA8-4690-A7E2-7B2B763D4415}.Release|Any CPU.ActiveCfg = Release|Any CPU
		{11FDA965-4CA8-4690-A7E2-7B2B763D4415}.Release|Any CPU.Build.0 = Release|Any CPU
	EndGlobalSection
	GlobalSection(SolutionProperties) = preSolution
		HideSolutionNode = FALSE
	EndGlobalSection
	GlobalSection(ExtensibilityGlobals) = postSolution
		SolutionGuid = {FD5847C8-2797-4A59-8F5C-33890A8D3327}
	EndGlobalSection
EndGlobal
