
Microsoft Visual Studio Solution File, Format Version 12.00
# Visual Studio 14
VisualStudioVersion = 14.0.25420.1
MinimumVisualStudioVersion = 10.0.40219.1
Project("{FAE04EC0-301F-11D3-BF4B-00C04F79EFBC}") = "MultiHtml", "MultiHtml\MultiHtml.csproj", "{1486FFFC-A019-45C6-84E2-FB0275CED827}"
EndProject
Project("{FAE04EC0-301F-11D3-BF4B-00C04F79EFBC}") = "ChangedNames", "ChangedNames\ChangedNames.csproj", "{19DE8B28-1EEB-4D51-A72B-81D21EC86A63}"
EndProject
Global
	GlobalSection(SolutionConfigurationPlatforms) = preSolution
		Debug|Any CPU = Debug|Any CPU
		Release|Any CPU = Release|Any CPU
	EndGlobalSection
	GlobalSection(ProjectConfigurationPlatforms) = postSolution
		{1486FFFC-A019-45C6-84E2-FB0275CED827}.Debug|Any CPU.ActiveCfg = Debug|Any CPU
		{1486FFFC-A019-45C6-84E2-FB0275CED827}.Debug|Any CPU.Build.0 = Debug|Any CPU
		{1486FFFC-A019-45C6-84E2-FB0275CED827}.Release|Any CPU.ActiveCfg = Release|Any CPU
		{1486FFFC-A019-45C6-84E2-FB0275CED827}.Release|Any CPU.Build.0 = Release|Any CPU
		{19DE8B28-1EEB-4D51-A72B-81D21EC86A63}.Debug|Any CPU.ActiveCfg = Debug|Any CPU
		{19DE8B28-1EEB-4D51-A72B-81D21EC86A63}.Debug|Any CPU.Build.0 = Debug|Any CPU
		{19DE8B28-1EEB-4D51-A72B-81D21EC86A63}.Release|Any CPU.ActiveCfg = Release|Any CPU
		{19DE8B28-1EEB-4D51-A72B-81D21EC86A63}.Release|Any CPU.Build.0 = Release|Any CPU
	EndGlobalSection
	GlobalSection(SolutionProperties) = preSolution
		HideSolutionNode = FALSE
	EndGlobalSection
EndGlobal
