
Microsoft Visual Studio Solution File, Format Version 12.00
# Visual Studio Version 16
VisualStudioVersion = 16.0.30907.101
MinimumVisualStudioVersion = 10.0.40219.1
Project("{FAE04EC0-301F-11D3-BF4B-00C04F79EFBC}") = "Wisej.BingWallpaper", "Wisej.BingWallpaper\Wisej.BingWallpaper.csproj", "{6F0E6B89-ECAC-4435-819D-4C742F0BACC1}"
EndProject
Global
	GlobalSection(SolutionConfigurationPlatforms) = preSolution
		Debug|Any CPU = Debug|Any CPU
		Release|Any CPU = Release|Any CPU
	EndGlobalSection
	GlobalSection(ProjectConfigurationPlatforms) = postSolution
		{6F0E6B89-ECAC-4435-819D-4C742F0BACC1}.Debug|Any CPU.ActiveCfg = Debug|Any CPU
		{6F0E6B89-ECAC-4435-819D-4C742F0BACC1}.Debug|Any CPU.Build.0 = Debug|Any CPU
		{6F0E6B89-ECAC-4435-819D-4C742F0BACC1}.Release|Any CPU.ActiveCfg = Release|Any CPU
		{6F0E6B89-ECAC-4435-819D-4C742F0BACC1}.Release|Any CPU.Build.0 = Release|Any CPU
	EndGlobalSection
	GlobalSection(SolutionProperties) = preSolution
		HideSolutionNode = FALSE
	EndGlobalSection
	GlobalSection(ExtensibilityGlobals) = postSolution
		SolutionGuid = {E5CBEF91-762C-46AA-9CB3-1D370B420E33}
	EndGlobalSection
EndGlobal
