
Microsoft Visual Studio Solution File, Format Version 12.00
# Visual Studio Version 16
VisualStudioVersion = 16.0.30804.86
MinimumVisualStudioVersion = 10.0.40219.1
Project("{FAE04EC0-301F-11D3-BF4B-00C04F79EFBC}") = "Wisej.CodeProject", "Wisej.CodeProject\Wisej.CodeProject.csproj", "{8EF7D008-EAE3-4B06-BD42-1CEDE43D848E}"
EndProject
Global
	GlobalSection(SolutionConfigurationPlatforms) = preSolution
		Debug|Any CPU = Debug|Any CPU
		Release|Any CPU = Release|Any CPU
	EndGlobalSection
	GlobalSection(ProjectConfigurationPlatforms) = postSolution
		{8EF7D008-EAE3-4B06-BD42-1CEDE43D848E}.Debug|Any CPU.ActiveCfg = Debug|Any CPU
		{8EF7D008-EAE3-4B06-BD42-1CEDE43D848E}.Debug|Any CPU.Build.0 = Debug|Any CPU
		{8EF7D008-EAE3-4B06-BD42-1CEDE43D848E}.Release|Any CPU.ActiveCfg = Release|Any CPU
		{8EF7D008-EAE3-4B06-BD42-1CEDE43D848E}.Release|Any CPU.Build.0 = Release|Any CPU
	EndGlobalSection
	GlobalSection(SolutionProperties) = preSolution
		HideSolutionNode = FALSE
	EndGlobalSection
	GlobalSection(ExtensibilityGlobals) = postSolution
		SolutionGuid = {EAD82315-810C-4069-AC70-2A34236E9CC7}
	EndGlobalSection
EndGlobal
