
Microsoft Visual Studio Solution File, Format Version 12.00
# Visual Studio Version 17
VisualStudioVersion = 17.2.32630.192
MinimumVisualStudioVersion = 10.0.40219.1
Project("{FAE04EC0-301F-11D3-BF4B-00C04F79EFBC}") = "Wisej.WebAuthn.Article", "Wisej.WebAuthn.Article.csproj", "{53A376C5-D6D9-4513-AEE7-4031938B5D65}"
EndProject
Global
	GlobalSection(SolutionConfigurationPlatforms) = preSolution
		Debug|Any CPU = Debug|Any CPU
		Release|Any CPU = Release|Any CPU
	EndGlobalSection
	GlobalSection(ProjectConfigurationPlatforms) = postSolution
		{53A376C5-D6D9-4513-AEE7-4031938B5D65}.Debug|Any CPU.ActiveCfg = Debug|Any CPU
		{53A376C5-D6D9-4513-AEE7-4031938B5D65}.Debug|Any CPU.Build.0 = Debug|Any CPU
		{53A376C5-D6D9-4513-AEE7-4031938B5D65}.Release|Any CPU.ActiveCfg = Release|Any CPU
		{53A376C5-D6D9-4513-AEE7-4031938B5D65}.Release|Any CPU.Build.0 = Release|Any CPU
	EndGlobalSection
	GlobalSection(SolutionProperties) = preSolution
		HideSolutionNode = FALSE
	EndGlobalSection
	GlobalSection(ExtensibilityGlobals) = postSolution
		SolutionGuid = {78D92D30-6E06-4AF9-8072-EFF11DE1E74C}
	EndGlobalSection
EndGlobal
