
Microsoft Visual Studio Solution File, Format Version 12.00
# Visual Studio 14
VisualStudioVersion = 14.0.25420.1
MinimumVisualStudioVersion = 10.0.40219.1
Project("{FAE04EC0-301F-11D3-BF4B-00C04F79EFBC}") = "TourPanelSample", "TourPanelSample\TourPanelSample.csproj", "{4EFB547C-1109-488B-BA1D-C959E1E57DD6}"
EndProject
Global
	GlobalSection(SolutionConfigurationPlatforms) = preSolution
		Debug|Any CPU = Debug|Any CPU
		Release|Any CPU = Release|Any CPU
	EndGlobalSection
	GlobalSection(ProjectConfigurationPlatforms) = postSolution
		{4EFB547C-1109-488B-BA1D-C959E1E57DD6}.Debug|Any CPU.ActiveCfg = Debug|Any CPU
		{4EFB547C-1109-488B-BA1D-C959E1E57DD6}.Debug|Any CPU.Build.0 = Debug|Any CPU
		{4EFB547C-1109-488B-BA1D-C959E1E57DD6}.Release|Any CPU.ActiveCfg = Release|Any CPU
		{4EFB547C-1109-488B-BA1D-C959E1E57DD6}.Release|Any CPU.Build.0 = Release|Any CPU
	EndGlobalSection
	GlobalSection(SolutionProperties) = preSolution
		HideSolutionNode = FALSE
	EndGlobalSection
EndGlobal
