
Microsoft Visual Studio Solution File, Format Version 12.00
# Visual Studio 15
VisualStudioVersion = 15.0.28307.271
MinimumVisualStudioVersion = 10.0.40219.1
Project("{FAE04EC0-301F-11D3-BF4B-00C04F79EFBC}") = "Wisej.GoogleMaps", "Wisej.GoogleMaps\Wisej.GoogleMaps.csproj", "{126C204C-7BBA-45FA-B49E-BA980BFFF8A5}"
EndProject
Global
	GlobalSection(SolutionConfigurationPlatforms) = preSolution
		Debug|Any CPU = Debug|Any CPU
		Release|Any CPU = Release|Any CPU
	EndGlobalSection
	GlobalSection(ProjectConfigurationPlatforms) = postSolution
		{126C204C-7BBA-45FA-B49E-BA980BFFF8A5}.Debug|Any CPU.ActiveCfg = Debug|Any CPU
		{126C204C-7BBA-45FA-B49E-BA980BFFF8A5}.Debug|Any CPU.Build.0 = Debug|Any CPU
		{126C204C-7BBA-45FA-B49E-BA980BFFF8A5}.Release|Any CPU.ActiveCfg = Release|Any CPU
		{126C204C-7BBA-45FA-B49E-BA980BFFF8A5}.Release|Any CPU.Build.0 = Release|Any CPU
	EndGlobalSection
	GlobalSection(SolutionProperties) = preSolution
		HideSolutionNode = FALSE
	EndGlobalSection
	GlobalSection(ExtensibilityGlobals) = postSolution
		SolutionGuid = {0006372E-A524-4BA0-B228-1F970B1EA8EA}
	EndGlobalSection
EndGlobal
