
Microsoft Visual Studio Solution File, Format Version 12.00
# Visual Studio 14
VisualStudioVersion = 14.0.25420.1
MinimumVisualStudioVersion = 10.0.40219.1
Project("{FAE04EC0-301F-11D3-BF4B-00C04F79EFBC}") = "UserDesktop", "UserDesktop\UserDesktop.csproj", "{ABEEB6EB-B935-48E3-8BE5-2FDF540C03EF}"
EndProject
Global
	GlobalSection(SolutionConfigurationPlatforms) = preSolution
		Debug|Any CPU = Debug|Any CPU
		Release|Any CPU = Release|Any CPU
	EndGlobalSection
	GlobalSection(ProjectConfigurationPlatforms) = postSolution
		{ABEEB6EB-B935-48E3-8BE5-2FDF540C03EF}.Debug|Any CPU.ActiveCfg = Debug|Any CPU
		{ABEEB6EB-B935-48E3-8BE5-2FDF540C03EF}.Debug|Any CPU.Build.0 = Debug|Any CPU
		{ABEEB6EB-B935-48E3-8BE5-2FDF540C03EF}.Release|Any CPU.ActiveCfg = Release|Any CPU
		{ABEEB6EB-B935-48E3-8BE5-2FDF540C03EF}.Release|Any CPU.Build.0 = Release|Any CPU
	EndGlobalSection
	GlobalSection(SolutionProperties) = preSolution
		HideSolutionNode = FALSE
	EndGlobalSection
EndGlobal
