
Microsoft Visual Studio Solution File, Format Version 12.00
# Visual Studio Version 17
VisualStudioVersion = 17.0.32014.148
MinimumVisualStudioVersion = 10.0.40219.1
Project("{FAE04EC0-301F-11D3-BF4B-00C04F79EFBC}") = "Wisej.ReportingViewers", "Wisej.ReportingViewers\Wisej.ReportingViewers.csproj", "{5AB7786E-1DBF-4A9C-AE96-F5AA46D90C48}"
EndProject
Global
	GlobalSection(SolutionConfigurationPlatforms) = preSolution
		Debug|Any CPU = Debug|Any CPU
		Release|Any CPU = Release|Any CPU
	EndGlobalSection
	GlobalSection(ProjectConfigurationPlatforms) = postSolution
		{5AB7786E-1DBF-4A9C-AE96-F5AA46D90C48}.Debug|Any CPU.ActiveCfg = Debug|Any CPU
		{5AB7786E-1DBF-4A9C-AE96-F5AA46D90C48}.Debug|Any CPU.Build.0 = Debug|Any CPU
		{5AB7786E-1DBF-4A9C-AE96-F5AA46D90C48}.Release|Any CPU.ActiveCfg = Release|Any CPU
		{5AB7786E-1DBF-4A9C-AE96-F5AA46D90C48}.Release|Any CPU.Build.0 = Release|Any CPU
	EndGlobalSection
	GlobalSection(SolutionProperties) = preSolution
		HideSolutionNode = FALSE
	EndGlobalSection
	GlobalSection(ExtensibilityGlobals) = postSolution
		SolutionGuid = {7FDA787D-9ADA-4224-98C7-61D91F7201F6}
	EndGlobalSection
EndGlobal
