Microsoft Visual Studio Solution File, Format Version 12.00
# Visual Studio Version 17
VisualStudioVersion = 17.13.35828.75
MinimumVisualStudioVersion = 10.0.40219.1
Project("{FAE04EC0-301F-11D3-BF4B-00C04F79EFBC}") = "Wisej.Web.MarkdownEditor", "Wisej.Web.MarkdownEditor\Wisej.Web.MarkdownEditor.csproj", "{3F597896-9F92-41B4-AAFB-1A7FE6B22DF2}"
EndProject
Global
	GlobalSection(SolutionConfigurationPlatforms) = preSolution
		Debug|Any CPU = Debug|Any CPU
		Release|Any CPU = Release|Any CPU
	EndGlobalSection
	GlobalSection(ProjectConfigurationPlatforms) = postSolution
		{3F597896-9F92-41B4-AAFB-1A7FE6B22DF2}.Debug|Any CPU.ActiveCfg = Debug|Any CPU
		{3F597896-9F92-41B4-AAFB-1A7FE6B22DF2}.Debug|Any CPU.Build.0 = Debug|Any CPU
		{3F597896-9F92-41B4-AAFB-1A7FE6B22DF2}.Release|Any CPU.ActiveCfg = Release|Any CPU
		{3F597896-9F92-41B4-AAFB-1A7FE6B22DF2}.Release|Any CPU.Build.0 = Release|Any CPU
	EndGlobalSection
	GlobalSection(SolutionProperties) = preSolution
		HideSolutionNode = FALSE
	EndGlobalSection
	GlobalSection(ExtensibilityGlobals) = postSolution
		SolutionGuid = {14F51796-46CB-4140-BAD7-431EC89ADD35}
	EndGlobalSection
EndGlobal
