
Microsoft Visual Studio Solution File, Format Version 12.00
# Visual Studio Version 17
VisualStudioVersion = 17.1.32414.318
MinimumVisualStudioVersion = 10.0.40219.1
Project("{9A19103F-16F7-4668-BE54-9A1E7A4F7556}") = "Html2CanvasSample", "Html2Canvas\Html2CanvasSample.csproj", "{BB30377F-8850-44B8-A44A-30ED054F019F}"
EndProject
Global
	GlobalSection(SolutionConfigurationPlatforms) = preSolution
		Debug|Any CPU = Debug|Any CPU
		Release|Any CPU = Release|Any CPU
	EndGlobalSection
	GlobalSection(ProjectConfigurationPlatforms) = postSolution
		{BB30377F-8850-44B8-A44A-30ED054F019F}.Debug|Any CPU.ActiveCfg = Debug|Any CPU
		{BB30377F-8850-44B8-A44A-30ED054F019F}.Debug|Any CPU.Build.0 = Debug|Any CPU
		{BB30377F-8850-44B8-A44A-30ED054F019F}.Release|Any CPU.ActiveCfg = Release|Any CPU
		{BB30377F-8850-44B8-A44A-30ED054F019F}.Release|Any CPU.Build.0 = Release|Any CPU
	EndGlobalSection
	GlobalSection(SolutionProperties) = preSolution
		HideSolutionNode = FALSE
	EndGlobalSection
	GlobalSection(ExtensibilityGlobals) = postSolution
		SolutionGuid = {0870C1D0-546F-44AA-AB24-8841652684E9}
	EndGlobalSection
EndGlobal
