
Microsoft Visual Studio Solution File, Format Version 12.00
# Visual Studio 14
VisualStudioVersion = 14.0.25420.1
MinimumVisualStudioVersion = 10.0.40219.1
Project("{FAE04EC0-301F-11D3-BF4B-00C04F79EFBC}") = "Wisej.ColumnFilterSample", "Wisej.ColumnFilterSample\Wisej.ColumnFilterSample.csproj", "{034A24CC-6933-4B3B-A6ED-5D5603CCA306}"
EndProject
Global
	GlobalSection(SolutionConfigurationPlatforms) = preSolution
		Debug|Any CPU = Debug|Any CPU
		Release|Any CPU = Release|Any CPU
	EndGlobalSection
	GlobalSection(ProjectConfigurationPlatforms) = postSolution
		{034A24CC-6933-4B3B-A6ED-5D5603CCA306}.Debug|Any CPU.ActiveCfg = Debug|Any CPU
		{034A24CC-6933-4B3B-A6ED-5D5603CCA306}.Debug|Any CPU.Build.0 = Debug|Any CPU
		{034A24CC-6933-4B3B-A6ED-5D5603CCA306}.Release|Any CPU.ActiveCfg = Release|Any CPU
		{034A24CC-6933-4B3B-A6ED-5D5603CCA306}.Release|Any CPU.Build.0 = Release|Any CPU
	EndGlobalSection
	GlobalSection(SolutionProperties) = preSolution
		HideSolutionNode = FALSE
	EndGlobalSection
EndGlobal
