
Microsoft Visual Studio Solution File, Format Version 12.00
# Visual Studio Version 16
VisualStudioVersion = 16.0.30804.86
MinimumVisualStudioVersion = 10.0.40219.1
Project("{FAE04EC0-301F-11D3-BF4B-00C04F79EFBC}") = "TetrisBoxWisej", "TetrisBoxWisej\TetrisBoxWisej.csproj", "{89F014D7-51EA-46B8-9021-4B9F0845716B}"
EndProject
Global
	GlobalSection(SolutionConfigurationPlatforms) = preSolution
		Debug|Any CPU = Debug|Any CPU
		Release|Any CPU = Release|Any CPU
	EndGlobalSection
	GlobalSection(ProjectConfigurationPlatforms) = postSolution
		{89F014D7-51EA-46B8-9021-4B9F0845716B}.Debug|Any CPU.ActiveCfg = Debug|Any CPU
		{89F014D7-51EA-46B8-9021-4B9F0845716B}.Debug|Any CPU.Build.0 = Debug|Any CPU
		{89F014D7-51EA-46B8-9021-4B9F0845716B}.Release|Any CPU.ActiveCfg = Release|Any CPU
		{89F014D7-51EA-46B8-9021-4B9F0845716B}.Release|Any CPU.Build.0 = Release|Any CPU
	EndGlobalSection
	GlobalSection(SolutionProperties) = preSolution
		HideSolutionNode = FALSE
	EndGlobalSection
	GlobalSection(ExtensibilityGlobals) = postSolution
		SolutionGuid = {B76ADC95-5E23-471E-B51F-8108BA1DC012}
	EndGlobalSection
EndGlobal
