
Microsoft Visual Studio Solution File, Format Version 12.00
# Visual Studio Version 17
VisualStudioVersion = 17.10.34804.81
MinimumVisualStudioVersion = 10.0.40219.1
Project("{9A19103F-16F7-4668-BE54-9A1E7A4F7556}") = "Wisej.ChatControl", "Wisej.ChatControl.csproj", "{1876A3AE-F50A-4F5B-AACC-690C339E10DB}"
EndProject
Project("{9A19103F-16F7-4668-BE54-9A1E7A4F7556}") = "Wisej.Web.Ext.ChatControl", "..\..\..\Extensions\3.5\Wisej.Web.Ext.ChatControl\Wisej.Web.Ext.ChatControl.csproj", "{0EBDF0D3-0AEC-45E0-8CBB-5D5F2DF967B6}"
EndProject
Global
	GlobalSection(SolutionConfigurationPlatforms) = preSolution
		Debug|Any CPU = Debug|Any CPU
		Release|Any CPU = Release|Any CPU
	EndGlobalSection
	GlobalSection(ProjectConfigurationPlatforms) = postSolution
		{1876A3AE-F50A-4F5B-AACC-690C339E10DB}.Debug|Any CPU.ActiveCfg = Debug|Any CPU
		{1876A3AE-F50A-4F5B-AACC-690C339E10DB}.Debug|Any CPU.Build.0 = Debug|Any CPU
		{1876A3AE-F50A-4F5B-AACC-690C339E10DB}.Release|Any CPU.ActiveCfg = Release|Any CPU
		{1876A3AE-F50A-4F5B-AACC-690C339E10DB}.Release|Any CPU.Build.0 = Release|Any CPU
		{0EBDF0D3-0AEC-45E0-8CBB-5D5F2DF967B6}.Debug|Any CPU.ActiveCfg = Debug|Any CPU
		{0EBDF0D3-0AEC-45E0-8CBB-5D5F2DF967B6}.Debug|Any CPU.Build.0 = Debug|Any CPU
		{0EBDF0D3-0AEC-45E0-8CBB-5D5F2DF967B6}.Release|Any CPU.ActiveCfg = Release|Any CPU
		{0EBDF0D3-0AEC-45E0-8CBB-5D5F2DF967B6}.Release|Any CPU.Build.0 = Release|Any CPU
	EndGlobalSection
	GlobalSection(SolutionProperties) = preSolution
		HideSolutionNode = FALSE
	EndGlobalSection
	GlobalSection(ExtensibilityGlobals) = postSolution
		SolutionGuid = {6D7C06D5-5B04-4326-AF0B-86E4D697E658}
	EndGlobalSection
EndGlobal
