
Microsoft Visual Studio Solution File, Format Version 12.00
# Visual Studio Version 16
VisualStudioVersion = 16.0.30907.101
MinimumVisualStudioVersion = 10.0.40219.1
Project("{FAE04EC0-301F-11D3-BF4B-00C04F79EFBC}") = "Wisej.CustomWallpaper", "Wisej.CustomWallpaper\Wisej.CustomWallpaper.csproj", "{04B3CB9F-9869-4589-BD62-7EEDE7CA6442}"
EndProject
Global
	GlobalSection(SolutionConfigurationPlatforms) = preSolution
		Debug|Any CPU = Debug|Any CPU
		Release|Any CPU = Release|Any CPU
	EndGlobalSection
	GlobalSection(ProjectConfigurationPlatforms) = postSolution
		{04B3CB9F-9869-4589-BD62-7EEDE7CA6442}.Debug|Any CPU.ActiveCfg = Debug|Any CPU
		{04B3CB9F-9869-4589-BD62-7EEDE7CA6442}.Debug|Any CPU.Build.0 = Debug|Any CPU
		{04B3CB9F-9869-4589-BD62-7EEDE7CA6442}.Release|Any CPU.ActiveCfg = Release|Any CPU
		{04B3CB9F-9869-4589-BD62-7EEDE7CA6442}.Release|Any CPU.Build.0 = Release|Any CPU
	EndGlobalSection
	GlobalSection(SolutionProperties) = preSolution
		HideSolutionNode = FALSE
	EndGlobalSection
	GlobalSection(ExtensibilityGlobals) = postSolution
		SolutionGuid = {A9B743DE-C49F-4629-A942-8313DCB6BDDF}
	EndGlobalSection
EndGlobal
