
Microsoft Visual Studio Solution File, Format Version 12.00
# Visual Studio Version 16
VisualStudioVersion = 16.0.30114.105
MinimumVisualStudioVersion = 10.0.40219.1
Project("{FAE04EC0-301F-11D3-BF4B-00C04F79EFBC}") = "Wisej.DataRepeaterDragDrop", "Wisej.DataRepeaterDragDrop\Wisej.DataRepeaterDragDrop.csproj", "{19224B51-B7DD-441C-A6F0-CC6456BFA21B}"
EndProject
Global
	GlobalSection(SolutionConfigurationPlatforms) = preSolution
		Debug|Any CPU = Debug|Any CPU
		Release|Any CPU = Release|Any CPU
	EndGlobalSection
	GlobalSection(ProjectConfigurationPlatforms) = postSolution
		{19224B51-B7DD-441C-A6F0-CC6456BFA21B}.Debug|Any CPU.ActiveCfg = Debug|Any CPU
		{19224B51-B7DD-441C-A6F0-CC6456BFA21B}.Debug|Any CPU.Build.0 = Debug|Any CPU
		{19224B51-B7DD-441C-A6F0-CC6456BFA21B}.Release|Any CPU.ActiveCfg = Release|Any CPU
		{19224B51-B7DD-441C-A6F0-CC6456BFA21B}.Release|Any CPU.Build.0 = Release|Any CPU
	EndGlobalSection
	GlobalSection(SolutionProperties) = preSolution
		HideSolutionNode = FALSE
	EndGlobalSection
	GlobalSection(ExtensibilityGlobals) = postSolution
		SolutionGuid = {8C0A67C9-AE97-45D3-9A27-19558C3E804D}
	EndGlobalSection
EndGlobal
